
Microsoft Visual Studio Solution File, Format Version 12.00
# Visual Studio Version 17
VisualStudioVersion = 17.4.33205.214
MinimumVisualStudioVersion = 10.0.40219.1
Project("{8BC9CEB8-8B4A-11D0-8D11-00A0C91BC942}") = "a program for automating the workflow", "a program for automating the workflow\a program for automating the workflow.vcxproj", "{EADFFF33-8753-4EC7-B5A1-9135308DD2CB}"
EndProject
Global
	GlobalSection(SolutionConfigurationPlatforms) = preSolution
		Debug|x64 = Debug|x64
		Debug|x86 = Debug|x86
		Release|x64 = Release|x64
		Release|x86 = Release|x86
	EndGlobalSection
	GlobalSection(ProjectConfigurationPlatforms) = postSolution
		{EADFFF33-8753-4EC7-B5A1-9135308DD2CB}.Debug|x64.ActiveCfg = Debug|x64
		{EADFFF33-8753-4EC7-B5A1-9135308DD2CB}.Debug|x64.Build.0 = Debug|x64
		{EADFFF33-8753-4EC7-B5A1-9135308DD2CB}.Debug|x86.ActiveCfg = Debug|Win32
		{EADFFF33-8753-4EC7-B5A1-9135308DD2CB}.Debug|x86.Build.0 = Debug|Win32
		{EADFFF33-8753-4EC7-B5A1-9135308DD2CB}.Release|x64.ActiveCfg = Release|x64
		{EADFFF33-8753-4EC7-B5A1-9135308DD2CB}.Release|x64.Build.0 = Release|x64
		{EADFFF33-8753-4EC7-B5A1-9135308DD2CB}.Release|x86.ActiveCfg = Release|Win32
		{EADFFF33-8753-4EC7-B5A1-9135308DD2CB}.Release|x86.Build.0 = Release|Win32
	EndGlobalSection
	GlobalSection(SolutionProperties) = preSolution
		HideSolutionNode = FALSE
	EndGlobalSection
	GlobalSection(ExtensibilityGlobals) = postSolution
		SolutionGuid = {AF780D14-B404-4F64-B87E-C31BC509E7C4}
	EndGlobalSection
EndGlobal
